<?xml version="1.0"?>
<CONFIG>
  <ProjectOptions>
    <Version Value="9"/>
    <PathDelim Value="\"/>
    <General>
      <Flags>
        <MainUnitHasCreateFormStatements Value="False"/>
        <MainUnitHasTitleStatement Value="False"/>
      </Flags>
      <MainUnit Value="0"/>
      <ResourceType Value="res"/>
      <UseXPManifest Value="True"/>
      <Icon Value="0"/>
      <ActiveWindowIndexAtStart Value="0"/>
    </General>
    <VersionInfo>
      <Language Value=""/>
      <CharSet Value=""/>
      <StringTable ProductVersion=""/>
    </VersionInfo>
    <BuildModes Count="1">
      <Item1 Name="default" Default="True"/>
    </BuildModes>
    <PublishOptions>
      <Version Value="2"/>
      <IgnoreBinaries Value="False"/>
      <IncludeFileFilter Value="*.(pas|pp|inc|lfm|lpr|lrs|lpi|lpk|sh|xml)"/>
      <ExcludeFileFilter Value="*.(bak|ppu|ppw|o|so);*~;backup"/>
    </PublishOptions>
    <RunParams>
      <local>
        <FormatVersion Value="1"/>
        <LaunchingApplication PathPlusParams="/usr/X11R6/bin/xterm -T 'Lazarus Run Output' -e $(LazarusDir)/tools/runwait.sh $(TargetCmdLine)"/>
      </local>
    </RunParams>
    <RequiredPackages Count="1">
      <Item1>
        <PackageName Value="multiloglaz"/>
      </Item1>
    </RequiredPackages>
    <Units Count="3">
      <Unit0>
        <Filename Value="testmultilog.pas"/>
        <IsPartOfProject Value="True"/>
        <UnitName Value="testmultilog"/>
        <IsVisibleTab Value="True"/>
        <EditorIndex Value="0"/>
        <WindowIndex Value="1"/>
        <TopLine Value="7"/>
        <CursorPos X="73" Y="20"/>
        <UsageCount Value="20"/>
        <Loaded Value="True"/>
        <LoadedDesigner Value="True"/>
      </Unit0>
      <Unit1>
        <Filename Value="C:\bin\code\fpc240\sources\rtl\objpas\classes\classesh.inc"/>
        <WindowIndex Value="1"/>
        <TopLine Value="610"/>
        <CursorPos X="3" Y="604"/>
        <UsageCount Value="10"/>
        <LoadedDesigner Value="True"/>
      </Unit1>
      <Unit2>
        <Filename Value="..\multilog.pas"/>
        <UnitName Value="MultiLog"/>
        <EditorIndex Value="1"/>
        <WindowIndex Value="1"/>
        <TopLine Value="571"/>
        <CursorPos X="3" Y="571"/>
        <UsageCount Value="10"/>
        <Loaded Value="True"/>
      </Unit2>
    </Units>
    <JumpHistory Count="7" HistoryIndex="6">
      <Position1>
        <Filename Value="testmultilog.pas"/>
        <Caret Line="13" Column="1" TopLine="1"/>
      </Position1>
      <Position2>
        <Filename Value="testmultilog.pas"/>
        <Caret Line="8" Column="21" TopLine="1"/>
      </Position2>
      <Position3>
        <Filename Value="testmultilog.pas"/>
        <Caret Line="15" Column="19" TopLine="7"/>
      </Position3>
      <Position4>
        <Filename Value="testmultilog.pas"/>
        <Caret Line="17" Column="17" TopLine="1"/>
      </Position4>
      <Position5>
        <Filename Value="testmultilog.pas"/>
        <Caret Line="20" Column="34" TopLine="15"/>
      </Position5>
      <Position6>
        <Filename Value="testmultilog.pas"/>
        <Caret Line="59" Column="9" TopLine="23"/>
      </Position6>
      <Position7>
        <Filename Value="testmultilog.pas"/>
        <Caret Line="17" Column="18" TopLine="2"/>
      </Position7>
    </JumpHistory>
  </ProjectOptions>
  <CompilerOptions>
    <Version Value="11"/>
    <PathDelim Value="\"/>
    <Target>
      <Filename Value="project1"/>
    </Target>
    <SearchPaths>
      <IncludeFiles Value="$(ProjOutDir)"/>
      <UnitOutputDirectory Value="lib\$(TargetCPU)-$(TargetOS)"/>
    </SearchPaths>
    <Other>
      <CompilerPath Value="$(CompPath)"/>
    </Other>
  </CompilerOptions>
  <Debugging>
    <Exceptions Count="3">
      <Item1>
        <Name Value="EAbort"/>
      </Item1>
      <Item2>
        <Name Value="ECodetoolError"/>
      </Item2>
      <Item3>
        <Name Value="EFOpenError"/>
      </Item3>
    </Exceptions>
  </Debugging>
  <EditorMacros Count="0"/>
</CONFIG>
