<?xml version="1.0"?>
<CONFIG>
  <ProjectOptions>
    <PathDelim Value="\"/>
    <Version Value="6"/>
    <General>
      <Flags>
        <AlwaysBuild Value="False"/>
      </Flags>
      <SessionStorage Value="InProjectDir"/>
      <MainUnit Value="0"/>
      <IconPath Value="./"/>
      <TargetFileExt Value=".exe"/>
    </General>
    <VersionInfo>
      <ProjectVersion Value=""/>
    </VersionInfo>
    <PublishOptions>
      <Version Value="2"/>
      <IgnoreBinaries Value="False"/>
      <IncludeFileFilter Value="*.(pas|pp|inc|lfm|lpr|lrs|lpi|lpk|sh|xml)"/>
      <ExcludeFileFilter Value="*.(bak|ppu|ppw|o|so);*~;backup"/>
    </PublishOptions>
    <RunParams>
      <local>
        <FormatVersion Value="1"/>
        <LaunchingApplication PathPlusParams="/usr/X11R6/bin/xterm -T 'Lazarus Run Output' -e $(LazarusDir)/tools/runwait.sh $(TargetCmdLine)"/>
      </local>
    </RunParams>
    <RequiredPackages Count="2">
      <Item1>
        <PackageName Value="luicairo_package"/>
      </Item1>
      <Item2>
        <PackageName Value="LCL"/>
      </Item2>
    </RequiredPackages>
    <Units Count="18">
      <Unit0>
        <Filename Value="luibar_samples.lpr"/>
        <IsPartOfProject Value="True"/>
        <UnitName Value="luibar_samples"/>
      </Unit0>
      <Unit1>
        <Filename Value="fmain.pas"/>
        <ComponentName Value="FormMain"/>
        <IsPartOfProject Value="True"/>
        <ResourceBaseClass Value="Form"/>
        <ResourceFilename Value="fmain.lrs"/>
        <UnitName Value="fMain"/>
      </Unit1>
      <Unit2>
        <Filename Value="samples\uolsample.pas"/>
        <IsPartOfProject Value="True"/>
        <UnitName Value="UolSample"/>
      </Unit2>
      <Unit3>
        <Filename Value="samples\lgmobileluibarsample.pas"/>
        <IsPartOfProject Value="True"/>
        <UnitName Value="LgMobileLuiBarSample"/>
      </Unit3>
      <Unit4>
        <Filename Value="samples\xpstyleluibarsample.pas"/>
        <IsPartOfProject Value="True"/>
        <UnitName Value="xpStyleLuiBarSample"/>
      </Unit4>
      <Unit5>
        <Filename Value="samples\terraesportesluibarsample.pas"/>
        <IsPartOfProject Value="True"/>
        <UnitName Value="TerraEsportesLuiBarSample"/>
      </Unit5>
      <Unit6>
        <Filename Value="samples\sqliteluibarsample.pas"/>
        <IsPartOfProject Value="True"/>
        <UnitName Value="SqliteLuiBarSample"/>
      </Unit6>
      <Unit7>
        <Filename Value="samples\utorrentluibarsample.pas"/>
        <IsPartOfProject Value="True"/>
        <UnitName Value="UTorrentLuiBarSample"/>
      </Unit7>
      <Unit8>
        <Filename Value="samples\gnomedoluibarsample.pas"/>
        <IsPartOfProject Value="True"/>
        <UnitName Value="GnomeDoLuiBarSample"/>
      </Unit8>
      <Unit9>
        <Filename Value="samples\mediacontrolluibarsample.pas"/>
        <IsPartOfProject Value="True"/>
        <UnitName Value="MediaControlLuiBarSample"/>
      </Unit9>
      <Unit10>
        <Filename Value="samples\conversaafiadasample.pas"/>
        <IsPartOfProject Value="True"/>
        <UnitName Value="conversaafiadasample"/>
      </Unit10>
      <Unit11>
        <Filename Value="samples\folhasample.pas"/>
        <IsPartOfProject Value="True"/>
        <UnitName Value="FolhaSample"/>
      </Unit11>
      <Unit12>
        <Filename Value="samples\globoluibarsample.pas"/>
        <IsPartOfProject Value="True"/>
        <UnitName Value="globoluibarsample"/>
      </Unit12>
      <Unit13>
        <Filename Value="samples\mssdksample.pas"/>
        <IsPartOfProject Value="True"/>
        <UnitName Value="mssdksample"/>
      </Unit13>
      <Unit14>
        <Filename Value="samples\ubuntusample.pas"/>
        <IsPartOfProject Value="True"/>
        <UnitName Value="ubuntusample"/>
      </Unit14>
      <Unit15>
        <Filename Value="samples\yahoosample.pas"/>
        <IsPartOfProject Value="True"/>
        <UnitName Value="yahoosample"/>
      </Unit15>
      <Unit16>
        <Filename Value="samples\youtubesample.pas"/>
        <IsPartOfProject Value="True"/>
        <UnitName Value="youtubesample"/>
      </Unit16>
      <Unit17>
        <Filename Value="samples\widgetsample.pas"/>
        <IsPartOfProject Value="True"/>
        <UnitName Value="WidgetSample"/>
      </Unit17>
    </Units>
  </ProjectOptions>
  <CompilerOptions>
    <Version Value="5"/>
    <PathDelim Value="\"/>
    <SearchPaths>
      <IncludeFiles Value="resources\"/>
      <OtherUnitFiles Value="samples\"/>
    </SearchPaths>
    <CodeGeneration>
      <Generate Value="Faster"/>
    </CodeGeneration>
    <Linking>
      <Debugging>
        <UseHeaptrc Value="True"/>
      </Debugging>
      <Options>
        <Win32>
          <GraphicApplication Value="True"/>
        </Win32>
      </Options>
    </Linking>
    <Other>
      <CompilerPath Value="$(CompPath)"/>
    </Other>
  </CompilerOptions>
</CONFIG>
