<?xml version="1.0" encoding="UTF-8"?>
<CONFIG>
  <ProjectOptions>
    <Version Value="9"/>
    <PathDelim Value="\"/>
    <General>
      <SessionStorage Value="InProjectDir"/>
      <MainUnit Value="0"/>
      <AutoCreateForms Value="False"/>
      <Title Value="CAMICUAdmin"/>
      <ResourceType Value="res"/>
      <UseXPManifest Value="True"/>
      <Icon Value="0"/>
    </General>
    <i18n>
      <EnableI18N LFM="False"/>
    </i18n>
    <VersionInfo>
      <StringTable ProductVersion=""/>
    </VersionInfo>
    <BuildModes Count="3">
      <Item1 Name="Default" Default="True"/>
      <Item2 Name="Debug">
        <CompilerOptions>
          <Version Value="11"/>
          <PathDelim Value="\"/>
          <Target>
            <Filename Value="CAMICUAdmin"/>
          </Target>
          <SearchPaths>
            <IncludeFiles Value="$(ProjOutDir);src\includes"/>
            <OtherUnitFiles Value="views;src\views;app;components;src\components;src\app;src\presentations;src\presenters;src\helperclasses;src\models"/>
            <UnitOutputDirectory Value="lib\$(TargetCPU)-$(TargetOS)"/>
          </SearchPaths>
          <Parsing>
            <SyntaxOptions>
              <IncludeAssertionCode Value="True"/>
            </SyntaxOptions>
          </Parsing>
          <CodeGeneration>
            <Checks>
              <IOChecks Value="True"/>
              <RangeChecks Value="True"/>
              <OverflowChecks Value="True"/>
              <StackChecks Value="True"/>
            </Checks>
          </CodeGeneration>
          <Linking>
            <Debugging>
              <DebugInfoType Value="dsDwarf2Set"/>
              <UseHeaptrc Value="True"/>
              <UseExternalDbgSyms Value="True"/>
            </Debugging>
            <Options>
              <Win32>
                <GraphicApplication Value="True"/>
              </Win32>
            </Options>
          </Linking>
        </CompilerOptions>
      </Item2>
      <Item3 Name="Release">
        <CompilerOptions>
          <Version Value="11"/>
          <PathDelim Value="\"/>
          <Target>
            <Filename Value="CAMICUAdmin"/>
          </Target>
          <SearchPaths>
            <IncludeFiles Value="$(ProjOutDir);src\includes"/>
            <OtherUnitFiles Value="views;src\views;app;components;src\components;src\app;src\presentations;src\presenters;src\helperclasses;src\models"/>
            <UnitOutputDirectory Value="lib\$(TargetCPU)-$(TargetOS)"/>
          </SearchPaths>
          <CodeGeneration>
            <SmartLinkUnit Value="True"/>
            <Optimizations>
              <OptimizationLevel Value="3"/>
            </Optimizations>
          </CodeGeneration>
          <Linking>
            <Debugging>
              <GenerateDebugInfo Value="False"/>
            </Debugging>
            <LinkSmart Value="True"/>
            <Options>
              <Win32>
                <GraphicApplication Value="True"/>
              </Win32>
            </Options>
          </Linking>
        </CompilerOptions>
      </Item3>
    </BuildModes>
    <PublishOptions>
      <Version Value="2"/>
    </PublishOptions>
    <RunParams>
      <local>
        <FormatVersion Value="1"/>
      </local>
    </RunParams>
    <RequiredPackages Count="9">
      <Item1>
        <PackageName Value="laz_fpspreadsheet"/>
      </Item1>
      <Item2>
        <PackageName Value="JSONZVDateTimeMediator_package"/>
      </Item2>
      <Item3>
        <PackageName Value="ZVDateTimeCtrls"/>
      </Item3>
      <Item4>
        <PackageName Value="JvXPBarLaz"/>
      </Item4>
      <Item5>
        <PackageName Value="vtvutils_package"/>
      </Item5>
      <Item6>
        <PackageName Value="luirest_package"/>
      </Item6>
      <Item7>
        <PackageName Value="luicontrols"/>
      </Item7>
      <Item8>
        <PackageName Value="luicomponents"/>
      </Item8>
      <Item9>
        <PackageName Value="LCL"/>
      </Item9>
    </RequiredPackages>
    <Units Count="19">
      <Unit0>
        <Filename Value="CAMICUAdmin.lpr"/>
        <IsPartOfProject Value="True"/>
      </Unit0>
      <Unit1>
        <Filename Value="src\views\mainview.pas"/>
        <IsPartOfProject Value="True"/>
        <ComponentName Value="MainForm"/>
        <HasResources Value="True"/>
        <ResourceBaseClass Value="Form"/>
        <UnitName Value="MainView"/>
      </Unit1>
      <Unit2>
        <Filename Value="src\app\camicuapp.pas"/>
        <IsPartOfProject Value="True"/>
      </Unit2>
      <Unit3>
        <Filename Value="src\app\camicuconsts.pas"/>
        <IsPartOfProject Value="True"/>
      </Unit3>
      <Unit4>
        <Filename Value="src\views\appconfigview.pas"/>
        <IsPartOfProject Value="True"/>
        <ComponentName Value="AppConfigViewForm"/>
        <HasResources Value="True"/>
        <ResourceBaseClass Value="Form"/>
      </Unit4>
      <Unit5>
        <Filename Value="src\app\camicuappsetup.pas"/>
        <IsPartOfProject Value="True"/>
      </Unit5>
      <Unit6>
        <Filename Value="src\presenters\mainpresenter.pas"/>
        <IsPartOfProject Value="True"/>
      </Unit6>
      <Unit7>
        <Filename Value="src\models\patientmodel.pas"/>
        <IsPartOfProject Value="True"/>
      </Unit7>
      <Unit8>
        <Filename Value="src\includes\defaultaddress.inc"/>
        <IsPartOfProject Value="True"/>
      </Unit8>
      <Unit9>
        <Filename Value="webservice.json"/>
        <IsPartOfProject Value="True"/>
      </Unit9>
      <Unit10>
        <Filename Value="src\components\basepresenter.pas"/>
        <IsPartOfProject Value="True"/>
      </Unit10>
      <Unit11>
        <Filename Value="src\models\patientevaluationmodel.pas"/>
        <IsPartOfProject Value="True"/>
      </Unit11>
      <Unit12>
        <Filename Value="src\views\patientevaluationsview.pas"/>
        <IsPartOfProject Value="True"/>
        <ComponentName Value="PatientEvaluationsForm"/>
        <HasResources Value="True"/>
        <ResourceBaseClass Value="Form"/>
      </Unit12>
      <Unit13>
        <Filename Value="src\presenters\patientevaluationspresenter.pas"/>
        <IsPartOfProject Value="True"/>
      </Unit13>
      <Unit14>
        <Filename Value="src\views\evaluationview.pas"/>
        <IsPartOfProject Value="True"/>
        <ComponentName Value="EvaluationForm"/>
        <HasResources Value="True"/>
        <ResourceBaseClass Value="Form"/>
      </Unit14>
      <Unit15>
        <Filename Value="src\presenters\evaluationpresenter.pas"/>
        <IsPartOfProject Value="True"/>
      </Unit15>
      <Unit16>
        <Filename Value="src\views\patientcadastreview.pas"/>
        <IsPartOfProject Value="True"/>
        <ComponentName Value="PatientCadastreForm"/>
        <HasResources Value="True"/>
        <ResourceBaseClass Value="Form"/>
      </Unit16>
      <Unit17>
        <Filename Value="src\components\dataexporter.pas"/>
        <IsPartOfProject Value="True"/>
        <UnitName Value="DataExporter"/>
      </Unit17>
      <Unit18>
        <Filename Value="src\models\evaluationmodel.pas"/>
        <IsPartOfProject Value="True"/>
        <UnitName Value="EvaluationModel"/>
      </Unit18>
    </Units>
  </ProjectOptions>
  <CompilerOptions>
    <Version Value="11"/>
    <PathDelim Value="\"/>
    <Target>
      <Filename Value="CAMICUAdmin"/>
    </Target>
    <SearchPaths>
      <IncludeFiles Value="$(ProjOutDir);src\includes"/>
      <OtherUnitFiles Value="views;src\views;app;components;src\components;src\app;src\presentations;src\presenters;src\helperclasses;src\models"/>
      <UnitOutputDirectory Value="lib\$(TargetCPU)-$(TargetOS)"/>
    </SearchPaths>
    <Linking>
      <Options>
        <Win32>
          <GraphicApplication Value="True"/>
        </Win32>
      </Options>
    </Linking>
  </CompilerOptions>
  <Debugging>
    <Exceptions Count="3">
      <Item1>
        <Name Value="EAbort"/>
      </Item1>
      <Item2>
        <Name Value="ECodetoolError"/>
      </Item2>
      <Item3>
        <Name Value="EFOpenError"/>
      </Item3>
    </Exceptions>
  </Debugging>
</CONFIG>
