<?xml version="1.0" encoding="UTF-8"?>
<CONFIG>
  <ProjectOptions>
    <Version Value="9"/>
    <PathDelim Value="\"/>
    <General>
      <SessionStorage Value="InProjectDir"/>
      <MainUnit Value="0"/>
      <AutoCreateForms Value="False"/>
      <Title Value="DataHub"/>
      <ResourceType Value="res"/>
      <UseXPManifest Value="True"/>
    </General>
    <i18n>
      <EnableI18N LFM="False"/>
    </i18n>
    <VersionInfo>
      <StringTable ProductVersion=""/>
    </VersionInfo>
    <BuildModes Count="1">
      <Item1 Name="Default" Default="True"/>
    </BuildModes>
    <PublishOptions>
      <Version Value="2"/>
      <IncludeFileFilter Value="*.(pas|pp|inc|lfm|lpr|lrs|lpi|lpk|sh|xml)"/>
      <ExcludeFileFilter Value="*.(bak|ppu|o|so);*~;backup"/>
    </PublishOptions>
    <RunParams>
      <local>
        <FormatVersion Value="1"/>
      </local>
    </RunParams>
    <RequiredPackages Count="7">
      <Item1>
        <PackageName Value="luidialogs_package"/>
      </Item1>
      <Item2>
        <PackageName Value="luicontrols"/>
      </Item2>
      <Item3>
        <PackageName Value="RunTimeTypeInfoControls"/>
      </Item3>
      <Item4>
        <PackageName Value="vtvutils_package"/>
      </Item4>
      <Item5>
        <PackageName Value="virtualtreeview_package"/>
      </Item5>
      <Item6>
        <PackageName Value="luicomponents"/>
      </Item6>
      <Item7>
        <PackageName Value="LCL"/>
      </Item7>
    </RequiredPackages>
    <Units Count="20">
      <Unit0>
        <Filename Value="DataHub.lpr"/>
        <IsPartOfProject Value="True"/>
        <UnitName Value="DataHub"/>
      </Unit0>
      <Unit1>
        <Filename Value="forms\main.pas"/>
        <IsPartOfProject Value="True"/>
        <ComponentName Value="MainForm"/>
        <HasResources Value="True"/>
        <ResourceBaseClass Value="Form"/>
        <UnitName Value="Main"/>
      </Unit1>
      <Unit2>
        <Filename Value="baseclasses\datamodel.pas"/>
        <IsPartOfProject Value="True"/>
        <UnitName Value="DataModel"/>
      </Unit2>
      <Unit3>
        <Filename Value="utils\vtcollectioncontroller.pas"/>
        <IsPartOfProject Value="True"/>
        <UnitName Value="VTCollectionController"/>
      </Unit3>
      <Unit4>
        <Filename Value="frames\modelfieldsview.pas"/>
        <IsPartOfProject Value="True"/>
        <ComponentName Value="ModelFieldsViewFrame"/>
        <HasResources Value="True"/>
        <ResourceBaseClass Value="Frame"/>
        <UnitName Value="ModelFieldsView"/>
      </Unit4>
      <Unit5>
        <Filename Value="forms\modelfieldeditor.pas"/>
        <IsPartOfProject Value="True"/>
        <ComponentName Value="ModelFieldEditorForm"/>
        <HasResources Value="True"/>
        <ResourceBaseClass Value="Form"/>
        <UnitName Value="ModelFieldEditor"/>
      </Unit5>
      <Unit6>
        <Filename Value="utils\datahubutils.pas"/>
        <IsPartOfProject Value="True"/>
        <UnitName Value="DataHubUtils"/>
      </Unit6>
      <Unit7>
        <Filename Value="exporters\dataviewexporter.pas"/>
        <IsPartOfProject Value="True"/>
        <UnitName Value="DataViewExporter"/>
      </Unit7>
      <Unit8>
        <Filename Value="exporters\lclviewbuilder.pas"/>
        <IsPartOfProject Value="True"/>
        <UnitName Value="LCLViewBuilder"/>
      </Unit8>
      <Unit9>
        <Filename Value="exporters\lcldbdataviewexporter.pas"/>
        <IsPartOfProject Value="True"/>
        <UnitName Value="LCLDBDataViewExporter"/>
      </Unit9>
      <Unit10>
        <Filename Value="forms\modeleditor.pas"/>
        <IsPartOfProject Value="True"/>
        <ComponentName Value="ModelEditorForm"/>
        <HasResources Value="True"/>
        <ResourceBaseClass Value="Form"/>
        <UnitName Value="ModelEditor"/>
      </Unit10>
      <Unit11>
        <Filename Value="exporters\lcljsondataviewexporter.pas"/>
        <IsPartOfProject Value="True"/>
        <UnitName Value="LCLJSONDataViewExporter"/>
      </Unit11>
      <Unit12>
        <Filename Value="exporters\lazreportdataviewexporter.pas"/>
        <IsPartOfProject Value="True"/>
        <UnitName Value="LazReportDataViewExporter"/>
      </Unit12>
      <Unit13>
        <Filename Value="importers\sqlite3datamodelimporter.pas"/>
        <IsPartOfProject Value="True"/>
        <UnitName Value="Sqlite3DataModelImporter"/>
      </Unit13>
      <Unit14>
        <Filename Value="importers\datamodelimporter.pas"/>
        <IsPartOfProject Value="True"/>
        <UnitName Value="DataModelImporter"/>
      </Unit14>
      <Unit15>
        <Filename Value="importers\forms\sqlite3tableloaderview.pas"/>
        <IsPartOfProject Value="True"/>
        <ComponentName Value="Sqlite3TableLoaderViewForm"/>
        <HasResources Value="True"/>
        <ResourceBaseClass Value="Form"/>
        <UnitName Value="Sqlite3TableLoaderView"/>
      </Unit15>
      <Unit16>
        <Filename Value="baseclasses\datahubproject.pas"/>
        <IsPartOfProject Value="True"/>
        <UnitName Value="DataHubProject"/>
      </Unit16>
      <Unit17>
        <Filename Value="utils\datahublclutils.pas"/>
        <IsPartOfProject Value="True"/>
        <UnitName Value="DataHubLCLUtils"/>
      </Unit17>
      <Unit18>
        <Filename Value="exporters\htmlformexport.pas"/>
        <IsPartOfProject Value="True"/>
        <UnitName Value="HTMLFormExport"/>
      </Unit18>
      <Unit19>
        <Filename Value="baseclasses\dataview.pas"/>
        <IsPartOfProject Value="True"/>
        <UnitName Value="DataView"/>
      </Unit19>
    </Units>
  </ProjectOptions>
  <CompilerOptions>
    <Version Value="11"/>
    <PathDelim Value="\"/>
    <Target>
      <Filename Value="DataHub"/>
    </Target>
    <SearchPaths>
      <IncludeFiles Value="$(ProjOutDir)"/>
      <OtherUnitFiles Value="forms;utils;frames;baseclasses;exporters;importers;importers\forms"/>
      <UnitOutputDirectory Value="lib\$(TargetCPU)-$(TargetOS)"/>
    </SearchPaths>
    <Linking>
      <Options>
        <Win32>
          <GraphicApplication Value="True"/>
        </Win32>
      </Options>
    </Linking>
    <Other>
      <CompilerMessages>
        <UseMsgFile Value="True"/>
      </CompilerMessages>
      <CompilerPath Value="$(CompPath)"/>
    </Other>
  </CompilerOptions>
  <Debugging>
    <Exceptions Count="3">
      <Item1>
        <Name Value="EAbort"/>
      </Item1>
      <Item2>
        <Name Value="ECodetoolError"/>
      </Item2>
      <Item3>
        <Name Value="EFOpenError"/>
      </Item3>
    </Exceptions>
  </Debugging>
</CONFIG>
